
Microsoft Visual Studio Solution File, Format Version 12.00
# Visual Studio Version 17
VisualStudioVersion = 17.8.34330.188
MinimumVisualStudioVersion = 10.0.40219.1
Project("{FAE04EC0-301F-11D3-BF4B-00C04F79EFBC}") = "WEBRTC.Web", "WEBRTC.Web\WEBRTC.Web.csproj", "{E96CEAEF-3B2C-42A8-951A-A0E249F188BE}"
EndProject
Global
	GlobalSection(SolutionConfigurationPlatforms) = preSolution
		Debug|Any CPU = Debug|Any CPU
		Release|Any CPU = Release|Any CPU
	EndGlobalSection
	GlobalSection(ProjectConfigurationPlatforms) = postSolution
		{E96CEAEF-3B2C-42A8-951A-A0E249F188BE}.Debug|Any CPU.ActiveCfg = Debug|Any CPU
		{E96CEAEF-3B2C-42A8-951A-A0E249F188BE}.Debug|Any CPU.Build.0 = Debug|Any CPU
		{E96CEAEF-3B2C-42A8-951A-A0E249F188BE}.Release|Any CPU.ActiveCfg = Release|Any CPU
		{E96CEAEF-3B2C-42A8-951A-A0E249F188BE}.Release|Any CPU.Build.0 = Release|Any CPU
	EndGlobalSection
	GlobalSection(SolutionProperties) = preSolution
		HideSolutionNode = FALSE
	EndGlobalSection
	GlobalSection(ExtensibilityGlobals) = postSolution
		SolutionGuid = {3FB044B4-A5C2-4F33-A2CF-D460E55BB0E5}
	EndGlobalSection
EndGlobal
